
Microsoft Visual Studio Solution File, Format Version 12.00
# Visual Studio 15
VisualStudioVersion = 15.0.27703.2018
MinimumVisualStudioVersion = 10.0.40219.1
Project("{FAE04EC0-301F-11D3-BF4B-00C04F79EFBC}") = "MailService.Api", "MailService.Api\MailService.Api.csproj", "{FB2D1233-AD71-4AF7-A8B8-99343832D2AE}"
EndProject
Project("{FAE04EC0-301F-11D3-BF4B-00C04F79EFBC}") = "MailService.Consumer", "MailService.Consumer\MailService.Consumer.csproj", "{BDA66C36-6DF6-4280-B475-7E4E205B24C6}"
EndProject
Project("{FAE04EC0-301F-11D3-BF4B-00C04F79EFBC}") = "MailService.Api.Tests", "MailService.Api.Tests\MailService.Api.Tests.csproj", "{45E3B4B3-0D13-43CA-83D6-FABAD33E63D4}"
EndProject
Project("{FAE04EC0-301F-11D3-BF4B-00C04F79EFBC}") = "MailService.Consumer.Tests", "MailService.Consumer.Tests\MailService.Consumer.Tests.csproj", "{6F08ACB0-9DFC-47DC-B66C-538AAF1F9809}"
EndProject
Global
	GlobalSection(SolutionConfigurationPlatforms) = preSolution
		Debug|Any CPU = Debug|Any CPU
		Release|Any CPU = Release|Any CPU
	EndGlobalSection
	GlobalSection(ProjectConfigurationPlatforms) = postSolution
		{FB2D1233-AD71-4AF7-A8B8-99343832D2AE}.Debug|Any CPU.ActiveCfg = Debug|Any CPU
		{FB2D1233-AD71-4AF7-A8B8-99343832D2AE}.Debug|Any CPU.Build.0 = Debug|Any CPU
		{FB2D1233-AD71-4AF7-A8B8-99343832D2AE}.Release|Any CPU.ActiveCfg = Release|Any CPU
		{FB2D1233-AD71-4AF7-A8B8-99343832D2AE}.Release|Any CPU.Build.0 = Release|Any CPU
		{BDA66C36-6DF6-4280-B475-7E4E205B24C6}.Debug|Any CPU.ActiveCfg = Debug|Any CPU
		{BDA66C36-6DF6-4280-B475-7E4E205B24C6}.Debug|Any CPU.Build.0 = Debug|Any CPU
		{BDA66C36-6DF6-4280-B475-7E4E205B24C6}.Release|Any CPU.ActiveCfg = Release|Any CPU
		{BDA66C36-6DF6-4280-B475-7E4E205B24C6}.Release|Any CPU.Build.0 = Release|Any CPU
		{45E3B4B3-0D13-43CA-83D6-FABAD33E63D4}.Debug|Any CPU.ActiveCfg = Debug|Any CPU
		{45E3B4B3-0D13-43CA-83D6-FABAD33E63D4}.Debug|Any CPU.Build.0 = Debug|Any CPU
		{45E3B4B3-0D13-43CA-83D6-FABAD33E63D4}.Release|Any CPU.ActiveCfg = Release|Any CPU
		{45E3B4B3-0D13-43CA-83D6-FABAD33E63D4}.Release|Any CPU.Build.0 = Release|Any CPU
		{6F08ACB0-9DFC-47DC-B66C-538AAF1F9809}.Debug|Any CPU.ActiveCfg = Debug|Any CPU
		{6F08ACB0-9DFC-47DC-B66C-538AAF1F9809}.Debug|Any CPU.Build.0 = Debug|Any CPU
		{6F08ACB0-9DFC-47DC-B66C-538AAF1F9809}.Release|Any CPU.ActiveCfg = Release|Any CPU
		{6F08ACB0-9DFC-47DC-B66C-538AAF1F9809}.Release|Any CPU.Build.0 = Release|Any CPU
	EndGlobalSection
	GlobalSection(SolutionProperties) = preSolution
		HideSolutionNode = FALSE
	EndGlobalSection
	GlobalSection(ExtensibilityGlobals) = postSolution
		SolutionGuid = {D1892C60-A5C4-49F8-8748-BEF53CFD7797}
	EndGlobalSection
EndGlobal
